
Microsoft Visual Studio Solution File, Format Version 12.00
# Visual Studio 2013
VisualStudioVersion = 12.0.21005.1
MinimumVisualStudioVersion = 10.0.40219.1
Project("{FAE04EC0-301F-11D3-BF4B-00C04F79EFBC}") = "TextTool.Replacement", "TextTool.Replacement\TextTool.Replacement.csproj", "{86C4E9A9-A00B-4BE9-9DB2-20AE7C7C6693}"
EndProject
Project("{FAE04EC0-301F-11D3-BF4B-00C04F79EFBC}") = "TextTool.Common", "TextTool.Common\TextTool.Common.csproj", "{1AF2B559-30D6-4C6F-90C0-3FDD75479E10}"
EndProject
Project("{FAE04EC0-301F-11D3-BF4B-00C04F79EFBC}") = "TextTool.Inspect", "TextTool.Inspect\TextTool.Inspect.csproj", "{593AE1EB-BB9C-4CA2-8BC4-AE2DF36AED95}"
EndProject
Project("{FAE04EC0-301F-11D3-BF4B-00C04F79EFBC}") = "TextTool.Common.Test", "TextTool.Common.Test\TextTool.Common.Test.csproj", "{E07EBFD8-6BED-4483-8CCA-F2BC308DE330}"
EndProject
Project("{FAE04EC0-301F-11D3-BF4B-00C04F79EFBC}") = "TextTool.Common.Example", "TextTool.Common.Example\TextTool.Common.Example.csproj", "{32C792FB-1F83-40A7-B6BF-C5628E36C5CF}"
EndProject
Project("{FAE04EC0-301F-11D3-BF4B-00C04F79EFBC}") = "TextTool.Common.WindowsForm", "TextTool.Common.WindowsForm\TextTool.Common.WindowsForm.csproj", "{536D2642-51E2-4011-A08A-024E1AA892EE}"
EndProject
Project("{FAE04EC0-301F-11D3-BF4B-00C04F79EFBC}") = "TextTool.Common.WindowsForm.Example", "TextTool.Common.WindowsForm.Example\TextTool.Common.WindowsForm.Example.csproj", "{DA31CC11-B456-47FC-A60F-BEE650C6D70A}"
EndProject
Global
	GlobalSection(SolutionConfigurationPlatforms) = preSolution
		Debug|Any CPU = Debug|Any CPU
		Release|Any CPU = Release|Any CPU
	EndGlobalSection
	GlobalSection(ProjectConfigurationPlatforms) = postSolution
		{86C4E9A9-A00B-4BE9-9DB2-20AE7C7C6693}.Debug|Any CPU.ActiveCfg = Debug|Any CPU
		{86C4E9A9-A00B-4BE9-9DB2-20AE7C7C6693}.Debug|Any CPU.Build.0 = Debug|Any CPU
		{86C4E9A9-A00B-4BE9-9DB2-20AE7C7C6693}.Release|Any CPU.ActiveCfg = Release|Any CPU
		{86C4E9A9-A00B-4BE9-9DB2-20AE7C7C6693}.Release|Any CPU.Build.0 = Release|Any CPU
		{1AF2B559-30D6-4C6F-90C0-3FDD75479E10}.Debug|Any CPU.ActiveCfg = Debug|Any CPU
		{1AF2B559-30D6-4C6F-90C0-3FDD75479E10}.Debug|Any CPU.Build.0 = Debug|Any CPU
		{1AF2B559-30D6-4C6F-90C0-3FDD75479E10}.Release|Any CPU.ActiveCfg = Release|Any CPU
		{1AF2B559-30D6-4C6F-90C0-3FDD75479E10}.Release|Any CPU.Build.0 = Release|Any CPU
		{593AE1EB-BB9C-4CA2-8BC4-AE2DF36AED95}.Debug|Any CPU.ActiveCfg = Debug|Any CPU
		{593AE1EB-BB9C-4CA2-8BC4-AE2DF36AED95}.Debug|Any CPU.Build.0 = Debug|Any CPU
		{593AE1EB-BB9C-4CA2-8BC4-AE2DF36AED95}.Release|Any CPU.ActiveCfg = Release|Any CPU
		{593AE1EB-BB9C-4CA2-8BC4-AE2DF36AED95}.Release|Any CPU.Build.0 = Release|Any CPU
		{E07EBFD8-6BED-4483-8CCA-F2BC308DE330}.Debug|Any CPU.ActiveCfg = Debug|Any CPU
		{E07EBFD8-6BED-4483-8CCA-F2BC308DE330}.Debug|Any CPU.Build.0 = Debug|Any CPU
		{E07EBFD8-6BED-4483-8CCA-F2BC308DE330}.Release|Any CPU.ActiveCfg = Release|Any CPU
		{E07EBFD8-6BED-4483-8CCA-F2BC308DE330}.Release|Any CPU.Build.0 = Release|Any CPU
		{32C792FB-1F83-40A7-B6BF-C5628E36C5CF}.Debug|Any CPU.ActiveCfg = Debug|Any CPU
		{32C792FB-1F83-40A7-B6BF-C5628E36C5CF}.Debug|Any CPU.Build.0 = Debug|Any CPU
		{32C792FB-1F83-40A7-B6BF-C5628E36C5CF}.Release|Any CPU.ActiveCfg = Release|Any CPU
		{32C792FB-1F83-40A7-B6BF-C5628E36C5CF}.Release|Any CPU.Build.0 = Release|Any CPU
		{536D2642-51E2-4011-A08A-024E1AA892EE}.Debug|Any CPU.ActiveCfg = Debug|Any CPU
		{536D2642-51E2-4011-A08A-024E1AA892EE}.Debug|Any CPU.Build.0 = Debug|Any CPU
		{536D2642-51E2-4011-A08A-024E1AA892EE}.Release|Any CPU.ActiveCfg = Release|Any CPU
		{536D2642-51E2-4011-A08A-024E1AA892EE}.Release|Any CPU.Build.0 = Release|Any CPU
		{DA31CC11-B456-47FC-A60F-BEE650C6D70A}.Debug|Any CPU.ActiveCfg = Debug|Any CPU
		{DA31CC11-B456-47FC-A60F-BEE650C6D70A}.Debug|Any CPU.Build.0 = Debug|Any CPU
		{DA31CC11-B456-47FC-A60F-BEE650C6D70A}.Release|Any CPU.ActiveCfg = Release|Any CPU
		{DA31CC11-B456-47FC-A60F-BEE650C6D70A}.Release|Any CPU.Build.0 = Release|Any CPU
	EndGlobalSection
	GlobalSection(SolutionProperties) = preSolution
		HideSolutionNode = FALSE
	EndGlobalSection
EndGlobal
